# Hashes are the complete PyPI artifact inventories for these exact releases.
# Regenerate only after an explicit dependency-version review.
Jinja2==3.1.6 \
    --hash=sha256:0137fb05990d35f1275a587e9aee6d56da821fc83491a0fb838183be43f66d6d \
    --hash=sha256:85ece4451f492d0c13c5dd7c13a64681a86afae63a5f347908daf103ce6d2f67
MarkupSafe==3.0.3 \
    --hash=sha256:0303439a41979d9e74d18ff5e2dd8c43ed6c6001fd40e5bf2e43f7bd9bbc523f \
    --hash=sha256:068f375c472b3e7acbe2d5318dea141359e6900156b5b2ba06a30b169086b91a \
    --hash=sha256:0bf2a864d67e76e5c9a34dc26ec616a66b9888e25e7b9460e1c76d3293bd9dbf \
    --hash=sha256:0db14f5dafddbb6d9208827849fad01f1a2609380add406671a26386cdf15a19 \
    --hash=sha256:0eb9ff8191e8498cca014656ae6b8d61f39da5f95b488805da4bb029cccbfbaf \
    --hash=sha256:0f4b68347f8c5eab4a13419215bdfd7f8c9b19f2b25520968adfad23eb0ce60c \
    --hash=sha256:1085e7fbddd3be5f89cc898938f42c0b3c711fdcb37d75221de2666af647c175 \
    --hash=sha256:116bb52f642a37c115f517494ea5feb03889e04df47eeff5b130b1808ce7c219 \
    --hash=sha256:12c63dfb4a98206f045aa9563db46507995f7ef6d83b2f68eda65c307c6829eb \
    --hash=sha256:133a43e73a802c5562be9bbcd03d090aa5a1fe899db609c29e8c8d815c5f6de6 \
    --hash=sha256:1353ef0c1b138e1907ae78e2f6c63ff67501122006b0f9abad68fda5f4ffc6ab \
    --hash=sha256:15d939a21d546304880945ca1ecb8a039db6b4dc49b2c5a400387cdae6a62e26 \
    --hash=sha256:177b5253b2834fe3678cb4a5f0059808258584c559193998be2601324fdeafb1 \
    --hash=sha256:1872df69a4de6aead3491198eaf13810b565bdbeec3ae2dc8780f14458ec73ce \
    --hash=sha256:1b4b79e8ebf6b55351f0d91fe80f893b4743f104bff22e90697db1590e47a218 \
    --hash=sha256:1b52b4fb9df4eb9ae465f8d0c228a00624de2334f216f178a995ccdcf82c4634 \
    --hash=sha256:1ba88449deb3de88bd40044603fafffb7bc2b055d626a330323a9ed736661695 \
    --hash=sha256:1cc7ea17a6824959616c525620e387f6dd30fec8cb44f649e31712db02123dad \
    --hash=sha256:218551f6df4868a8d527e3062d0fb968682fe92054e89978594c28e642c43a73 \
    --hash=sha256:26a5784ded40c9e318cfc2bdb30fe164bdb8665ded9cd64d500a34fb42067b1c \
    --hash=sha256:2713baf880df847f2bece4230d4d094280f4e67b1e813eec43b4c0e144a34ffe \
    --hash=sha256:2a15a08b17dd94c53a1da0438822d70ebcd13f8c3a95abe3a9ef9f11a94830aa \
    --hash=sha256:2f981d352f04553a7171b8e44369f2af4055f888dfb147d55e42d29e29e74559 \
    --hash=sha256:32001d6a8fc98c8cb5c947787c5d08b0a50663d139f1305bac5885d98d9b40fa \
    --hash=sha256:3524b778fe5cfb3452a09d31e7b5adefeea8c5be1d43c4f810ba09f2ceb29d37 \
    --hash=sha256:3537e01efc9d4dccdf77221fb1cb3b8e1a38d5428920e0657ce299b20324d758 \
    --hash=sha256:35add3b638a5d900e807944a078b51922212fb3dedb01633a8defc4b01a3c85f \
    --hash=sha256:38664109c14ffc9e7437e86b4dceb442b0096dfe3541d7864d9cbe1da4cf36c8 \
    --hash=sha256:3a7e8ae81ae39e62a41ec302f972ba6ae23a5c5396c8e60113e9066ef893da0d \
    --hash=sha256:3b562dd9e9ea93f13d53989d23a7e775fdfd1066c33494ff43f5418bc8c58a5c \
    --hash=sha256:457a69a9577064c05a97c41f4e65148652db078a3a509039e64d3467b9e7ef97 \
    --hash=sha256:4bd4cd07944443f5a265608cc6aab442e4f74dff8088b0dfc8238647b8f6ae9a \
    --hash=sha256:4e885a3d1efa2eadc93c894a21770e4bc67899e3543680313b09f139e149ab19 \
    --hash=sha256:4faffd047e07c38848ce017e8725090413cd80cbc23d86e55c587bf979e579c9 \
    --hash=sha256:509fa21c6deb7a7a273d629cf5ec029bc209d1a51178615ddf718f5918992ab9 \
    --hash=sha256:5678211cb9333a6468fb8d8be0305520aa073f50d17f089b5b4b477ea6e67fdc \
    --hash=sha256:591ae9f2a647529ca990bc681daebdd52c8791ff06c2bfa05b65163e28102ef2 \
    --hash=sha256:5a7d5dc5140555cf21a6fefbdbf8723f06fcd2f63ef108f2854de715e4422cb4 \
    --hash=sha256:69c0b73548bc525c8cb9a251cddf1931d1db4d2258e9599c28c07ef3580ef354 \
    --hash=sha256:6b5420a1d9450023228968e7e6a9ce57f65d148ab56d2313fcd589eee96a7a50 \
    --hash=sha256:722695808f4b6457b320fdc131280796bdceb04ab50fe1795cd540799ebe1698 \
    --hash=sha256:729586769a26dbceff69f7a7dbbf59ab6572b99d94576a5592625d5b411576b9 \
    --hash=sha256:77f0643abe7495da77fb436f50f8dab76dbc6e5fd25d39589a0f1fe6548bfa2b \
    --hash=sha256:795e7751525cae078558e679d646ae45574b47ed6e7771863fcc079a6171a0fc \
    --hash=sha256:7be7b61bb172e1ed687f1754f8e7484f1c8019780f6f6b0786e76bb01c2ae115 \
    --hash=sha256:7c3fb7d25180895632e5d3148dbdc29ea38ccb7fd210aa27acbd1201a1902c6e \
    --hash=sha256:7e68f88e5b8799aa49c85cd116c932a1ac15caaa3f5db09087854d218359e485 \
    --hash=sha256:83891d0e9fb81a825d9a6d61e3f07550ca70a076484292a70fde82c4b807286f \
    --hash=sha256:8485f406a96febb5140bfeca44a73e3ce5116b2501ac54fe953e488fb1d03b12 \
    --hash=sha256:8709b08f4a89aa7586de0aadc8da56180242ee0ada3999749b183aa23df95025 \
    --hash=sha256:8f71bc33915be5186016f675cd83a1e08523649b0e33efdb898db577ef5bb009 \
    --hash=sha256:915c04ba3851909ce68ccc2b8e2cd691618c4dc4c4232fb7982bca3f41fd8c3d \
    --hash=sha256:949b8d66bc381ee8b007cd945914c721d9aba8e27f71959d750a46f7c282b20b \
    --hash=sha256:94c6f0bb423f739146aec64595853541634bde58b2135f27f61c1ffd1cd4d16a \
    --hash=sha256:9a1abfdc021a164803f4d485104931fb8f8c1efd55bc6b748d2f5774e78b62c5 \
    --hash=sha256:9b79b7a16f7fedff2495d684f2b59b0457c3b493778c9eed31111be64d58279f \
    --hash=sha256:a320721ab5a1aba0a233739394eb907f8c8da5c98c9181d1161e77a0c8e36f2d \
    --hash=sha256:a4afe79fb3de0b7097d81da19090f4df4f8d3a2b3adaa8764138aac2e44f3af1 \
    --hash=sha256:ad2cf8aa28b8c020ab2fc8287b0f823d0a7d8630784c31e9ee5edea20f406287 \
    --hash=sha256:b8512a91625c9b3da6f127803b166b629725e68af71f8184ae7e7d54686a56d6 \
    --hash=sha256:bc51efed119bc9cfdf792cdeaa4d67e8f6fcccab66ed4bfdd6bde3e59bfcbb2f \
    --hash=sha256:bdc919ead48f234740ad807933cdf545180bfbe9342c2bb451556db2ed958581 \
    --hash=sha256:bdd37121970bfd8be76c5fb069c7751683bdf373db1ed6c010162b2a130248ed \
    --hash=sha256:be8813b57049a7dc738189df53d69395eba14fb99345e0a5994914a3864c8a4b \
    --hash=sha256:c0c0b3ade1c0b13b936d7970b1d37a57acde9199dc2aecc4c336773e1d86049c \
    --hash=sha256:c47a551199eb8eb2121d4f0f15ae0f923d31350ab9280078d1e5f12b249e0026 \
    --hash=sha256:c4ffb7ebf07cfe8931028e3e4c85f0357459a3f9f9490886198848f4fa002ec8 \
    --hash=sha256:ccfcd093f13f0f0b7fdd0f198b90053bf7b2f02a3927a30e63f3ccc9df56b676 \
    --hash=sha256:d2ee202e79d8ed691ceebae8e0486bd9a2cd4794cec4824e1c99b6f5009502f6 \
    --hash=sha256:d53197da72cc091b024dd97249dfc7794d6a56530370992a5e1a08983ad9230e \
    --hash=sha256:d6dd0be5b5b189d31db7cda48b91d7e0a9795f31430b7f271219ab30f1d3ac9d \
    --hash=sha256:d88b440e37a16e651bda4c7c2b930eb586fd15ca7406cb39e211fcff3bf3017d \
    --hash=sha256:de8a88e63464af587c950061a5e6a67d3632e36df62b986892331d4620a35c01 \
    --hash=sha256:df2449253ef108a379b8b5d6b43f4b1a8e81a061d6537becd5582fba5f9196d7 \
    --hash=sha256:e1c1493fb6e50ab01d20a22826e57520f1284df32f2d8601fdd90b6304601419 \
    --hash=sha256:e1cf1972137e83c5d4c136c43ced9ac51d0e124706ee1c8aa8532c1287fa8795 \
    --hash=sha256:e2103a929dfa2fcaf9bb4e7c091983a49c9ac3b19c9061b6d5427dd7d14d81a1 \
    --hash=sha256:e56b7d45a839a697b5eb268c82a71bd8c7f6c94d6fd50c3d577fa39a9f1409f5 \
    --hash=sha256:e8afc3f2ccfa24215f8cb28dcf43f0113ac3c37c2f0f0806d8c70e4228c5cf4d \
    --hash=sha256:e8fc20152abba6b83724d7ff268c249fa196d8259ff481f3b1476383f8f24e42 \
    --hash=sha256:eaa9599de571d72e2daf60164784109f19978b327a3910d3e9de8c97b5b70cfe \
    --hash=sha256:ec15a59cf5af7be74194f7ab02d0f59a62bdcf1a537677ce67a2537c9b87fcda \
    --hash=sha256:f190daf01f13c72eac4efd5c430a8de82489d9cff23c364c3ea822545032993e \
    --hash=sha256:f34c41761022dd093b4b6896d4810782ffbabe30f2d443ff5f083e0cbbb8c737 \
    --hash=sha256:f3e98bb3798ead92273dc0e5fd0f31ade220f59a266ffd8a4f6065e0a3ce0523 \
    --hash=sha256:f42d0984e947b8adf7dd6dde396e720934d12c506ce84eea8476409563607591 \
    --hash=sha256:f71a396b3bf33ecaa1626c255855702aca4d3d9fea5e051b41ac59a9c1c41edc \
    --hash=sha256:f9e130248f4462aaa8e2552d547f36ddadbeaa573879158d721bbd33dfe4743a \
    --hash=sha256:fed51ac40f757d41b7c48425901843666a6677e3e8eb0abcff09e4ba6e664f50
aiofiles==25.1.0 \
    --hash=sha256:a8d728f0a29de45dc521f18f07297428d56992a742f0cd2701ba86e44d23d5b2 \
    --hash=sha256:abe311e527c862958650f9438e859c1fa7568a141b22abcd015e120e86a85695
orjson==3.11.7 \
    --hash=sha256:043d3006b7d32c7e233b8cfb1f01c651013ea079e08dcef7189a29abd8befe11 \
    --hash=sha256:0527a4510c300e3b406591b0ba69b5dc50031895b0a93743526a3fc45f59d26e \
    --hash=sha256:0724e265bc548af1dedebd9cb3d24b4e1c1e685a343be43e87ba922a5c5fff2f \
    --hash=sha256:136dcd6a2e796dfd9ffca9fc027d778567b0b7c9968d092842d3c323cef88aa8 \
    --hash=sha256:14f440c7268c8f8633d1b3d443a434bd70cb15686117ea6beff8fdc8f5917a1e \
    --hash=sha256:1d98b30cc1313d52d4af17d9c3d307b08389752ec5f2e5febdfada70b0f8c733 \
    --hash=sha256:1eb80451a9c351a71dfaf5b7ccc13ad065405217726b59fdbeadbcc544f9d223 \
    --hash=sha256:1ee5cc7160a821dfe14f130bc8e63e7611051f964b463d9e2a3a573204446a4d \
    --hash=sha256:23d6c20517a97a9daf1d48b580fcdc6f0516c6f4b5038823426033690b4d2650 \
    --hash=sha256:26c3b9132f783b7d7903bf1efb095fed8d4a3a85ec0d334ee8beff3d7a4749d5 \
    --hash=sha256:31c80ce534ac4ea3739c5ee751270646cbc46e45aea7576a38ffec040b4029a1 \
    --hash=sha256:3726be79e36e526e3d9c1aceaadbfb4a04ee80a72ab47b3f3c17fefb9812e7b8 \
    --hash=sha256:390a1dce0c055ddf8adb6aa94a73b45a4a7d7177b5c584b8d1c1947f2ba60fb3 \
    --hash=sha256:3a2479753bbb95b0ebcf7969f562cdb9668e6d12416a35b0dda79febf89cdea2 \
    --hash=sha256:3c4bc6c6ac52cdaa267552544c73e486fecbd710b7ac09bc024d5a78555a22f6 \
    --hash=sha256:411ebaf34d735e25e358a6d9e7978954a9c9d58cfb47bc6683cdc3964cd2f910 \
    --hash=sha256:4682d1db3bcebd2b64757e0ddf9e87ae5f00d29d16c5cdf3a62f561d08cc3dd2 \
    --hash=sha256:4a2e9c5be347b937a2e0203866f12bba36082e89b402ddb9e927d5822e43088d \
    --hash=sha256:57036b27ac8a25d81112eb0cc9835cd4833c5b16e1467816adc0015f59e870dc \
    --hash=sha256:5ede977b5fe5ac91b1dffc0a517ca4542d2ec8a6a4ff7b2652d94f640796342a \
    --hash=sha256:5fdfad2093bdd08245f2e204d977facd5f871c88c4a71230d5bcbd0e43bf6222 \
    --hash=sha256:623ad1b9548ef63886319c16fa317848e465a21513b31a6ad7b57443c3e0dcf5 \
    --hash=sha256:652c6c3af76716f4a9c290371ba2e390ede06f6603edb277b481daf37f6f464e \
    --hash=sha256:6543001328aa857187f905308a028935864aefe9968af3848401b6fe80dbb471 \
    --hash=sha256:6e776b998ac37c0396093d10290e60283f59cfe0fc3fccbd0ccc4bd04dd19892 \
    --hash=sha256:71924496986275a737f38e3f22b4e0878882b3f7a310d2ff4dc96e812789120c \
    --hash=sha256:733ae23ada68b804b222c44affed76b39e30806d38660bf1eb200520d259cc16 \
    --hash=sha256:7477aa6a6ec6139c5cb1cc7b214643592169a5494d200397c7fc95d740d5fcf3 \
    --hash=sha256:79cacb0b52f6004caf92405a7e1f11e6e2de8bdf9019e4f76b44ba045125cd6b \
    --hash=sha256:7ba61079379b0ae29e117db13bda5f28d939766e410d321ec1624afc6a0b0504 \
    --hash=sha256:800988273a014a0541483dc81021247d7eacb0c845a9d1a34a422bc718f41539 \
    --hash=sha256:814be4b49b228cfc0b3c565acf642dd7d13538f966e3ccde61f4f55be3e20785 \
    --hash=sha256:845c3e0d8ded9c9271cd79596b9b552448b885b97110f628fb687aee2eed11c1 \
    --hash=sha256:849e38203e5be40b776ed2718e587faf204d184fc9a008ae441f9442320c0cab \
    --hash=sha256:89e13dd3f89f1c38a9c9eba5fbf7cdc2d1feca82f5f290864b4b7a6aac704576 \
    --hash=sha256:89e440ebc74ce8ab5c7bc4ce6757b4a6b1041becb127df818f6997b5c71aa60b \
    --hash=sha256:8ff206156006da5b847c9304b6308a01e8cdbc8cce824e2779a5ba71c3def141 \
    --hash=sha256:91c81ef070c8f3220054115e1ef468b1c9ce8497b4e526cb9f68ab4dc0a7ac62 \
    --hash=sha256:9487abc2c2086e7c8eb9a211d2ce8855bae0e92586279d0d27b341d5ad76c85c \
    --hash=sha256:962d046ee1765f74a1da723f4b33e3b228fe3a48bd307acce5021dfefe0e29b2 \
    --hash=sha256:996b65230271f1a97026fd0e6a753f51fbc0c335d2ad0c6201f711b0da32693b \
    --hash=sha256:9b1a67243945819ce55d24a30b59d6a168e86220452d2c96f4d1f093e71c0c49 \
    --hash=sha256:9c0b51672e466fd7e56230ffbae7f1639e18d0ce023351fb75da21b71bc2c960 \
    --hash=sha256:9e54f3808e2b6b945078c41aa8d9b5834b28c50843846e97807e5adb75fa9705 \
    --hash=sha256:a02c833f38f36546ba65a452127633afce4cf0dd7296b753d3bb54e55e5c0174 \
    --hash=sha256:a12b80df61aab7b98b490fe9e4879925ba666fccdfcd175252ce4d9035865ace \
    --hash=sha256:a16bcd08ab0bcdfc7e8801d9c4a9cc17e58418e4d48ddc6ded4e9e4b1a94062b \
    --hash=sha256:a56df3239294ea5964adf074c54bcc4f0ccd21636049a2cf3ca9cf03b5d03cf1 \
    --hash=sha256:a709e881723c9b18acddcfb8ba357322491ad553e277cf467e1e7e20e2d90561 \
    --hash=sha256:ab49d4b2a6a1d415ddb9f37a21e02e0d5dbfe10b7870b21bf779fc21e9156157 \
    --hash=sha256:ae9e0b37a834cef7ce8f99de6498f8fad4a2c0bf6bfc3d02abd8ed56aa15b2de \
    --hash=sha256:b4a9eefdc70bf8bf9857f0290f973dec534ac84c35cd6a7f4083be43e7170a8f \
    --hash=sha256:b63c6e6738d7c3470ad01601e23376aa511e50e1f3931395b9f9c722406d1a67 \
    --hash=sha256:b7b1dae39230a393df353827c855a5f176271c23434cfd2db74e0e424e693e10 \
    --hash=sha256:b8d14b71c0b12963fe8a62aac87119f1afdf4cb88a400f61ca5ae581449efcb5 \
    --hash=sha256:b9f95dcdea9d4f805daa9ddf02617a89e484c6985fa03055459f90e87d7a0757 \
    --hash=sha256:b9fc4d0f81f394689e0814617aadc4f2ea0e8025f38c226cbf22d3b5ddbf025d \
    --hash=sha256:bd03ea7606833655048dab1a00734a2875e3e86c276e1d772b2a02556f0d895f \
    --hash=sha256:bd0d68edd7dfca1b2eca9361a44ac9f24b078de3481003159929a0573f21a6bf \
    --hash=sha256:bda117c4148e81f746655d5a3239ae9bd00cb7bc3ca178b5fc5a5997e9744183 \
    --hash=sha256:bf742e149121dc5648ba0a08ea0871e87b660467ef168a3a5e53bc1fbd64bb74 \
    --hash=sha256:c2428d358d85e8da9d37cba18b8c4047c55222007a84f97156a5b22028dfbfc0 \
    --hash=sha256:c2e85fe4698b6a56d5e2ebf7ae87544d668eb6bde1ad1226c13f44663f20ec9e \
    --hash=sha256:c43b8b5bab288b6b90dac410cca7e986a4fa747a2e8f94615aea407da706980d \
    --hash=sha256:cededd6738e1c153530793998e31c05086582b08315db48ab66649768f326baa \
    --hash=sha256:d06e5c5fed5caedd2e540d62e5b1c25e8c82431b9e577c33537e5fa4aa909539 \
    --hash=sha256:d772afdb22555f0c58cfc741bdae44180122b3616faa1ecadb595cd526e4c993 \
    --hash=sha256:d897e81f8d0cbd2abb82226d1860ad2e1ab3ff16d7b08c96ca00df9d45409ef4 \
    --hash=sha256:de0a37f21d0d364954ad5de1970491d7fbd0fb1ef7417d4d56a36dc01ba0c0a0 \
    --hash=sha256:e7745312efa9e11c17fbd3cb3097262d079da26930ae9ae7ba28fb738367cbad \
    --hash=sha256:ed46f17096e28fb28d2975834836a639af7278aa87c84f68ab08fbe5b8bd75fa \
    --hash=sha256:f4f7c956b5215d949a1f65334cf9d7612dde38f20a95f2315deef167def91a6f \
    --hash=sha256:f50979824bde13d32b4320eedd513431c921102796d86be3eee0b58e58a3ecd1 \
    --hash=sha256:f904c24bdeabd4298f7a977ef14ca2a022ca921ed670b92ecd16ab6f3d01f867
