{
  "originHash" : "5ecf1462ed57aa242b195b8845e9146826ff9d81a59878e6b311bf55d595788f",
  "pins" : [
    {
      "identity" : "cryptoswift",
      "kind" : "remoteSourceControl",
      "location" : "https://github.com/beatt83/CryptoSwift.git",
      "state" : {
        "revision" : "15fc223bca9a81491193de82c33308879c5f34e6",
        "version" : "1.8.7"
      }
    },
    {
      "identity" : "jose-swift",
      "kind" : "remoteSourceControl",
      "location" : "https://github.com/joshlacal/jose-swift.git",
      "state" : {
        "branch" : "main",
        "revision" : "f5f2670f33830857c7f7cdf9f28c527b88581ff7"
      }
    },
    {
      "identity" : "secp256k1.swift",
      "kind" : "remoteSourceControl",
      "location" : "https://github.com/GigaBitcoin/secp256k1.swift.git",
      "state" : {
        "revision" : "4c77c7384768acf1093d66ccaacf298d322b10b7",
        "version" : "0.15.0"
      }
    },
    {
      "identity" : "swift-asn1",
      "kind" : "remoteSourceControl",
      "location" : "https://github.com/apple/swift-asn1.git",
      "state" : {
        "revision" : "f70225981241859eb4aa1a18a75531d26637c8cc",
        "version" : "1.4.0"
      }
    },
    {
      "identity" : "swift-async-dns-resolver",
      "kind" : "remoteSourceControl",
      "location" : "https://github.com/apple/swift-async-dns-resolver",
      "state" : {
        "revision" : "08c07ff31a745ee5e522ac10132fb4949834d925",
        "version" : "0.4.0"
      }
    },
    {
      "identity" : "swift-certificates",
      "kind" : "remoteSourceControl",
      "location" : "https://github.com/apple/swift-certificates.git",
      "state" : {
        "revision" : "870f4d5fe5fcfedc13f25d70e103150511746404",
        "version" : "1.11.0"
      }
    },
    {
      "identity" : "swift-crypto",
      "kind" : "remoteSourceControl",
      "location" : "https://github.com/apple/swift-crypto.git",
      "state" : {
        "revision" : "176abc28e002a9952470f08745cd26fad9286776",
        "version" : "3.13.3"
      }
    },
    {
      "identity" : "swift-docc-plugin",
      "kind" : "remoteSourceControl",
      "location" : "https://github.com/apple/swift-docc-plugin",
      "state" : {
        "revision" : "3e4f133a77e644a5812911a0513aeb7288b07d06",
        "version" : "1.4.5"
      }
    },
    {
      "identity" : "swift-docc-symbolkit",
      "kind" : "remoteSourceControl",
      "location" : "https://github.com/swiftlang/swift-docc-symbolkit",
      "state" : {
        "revision" : "b45d1f2ed151d057b54504d653e0da5552844e34",
        "version" : "1.0.0"
      }
    },
    {
      "identity" : "swiftcbor",
      "kind" : "remoteSourceControl",
      "location" : "https://github.com/valpackett/SwiftCBOR.git",
      "state" : {
        "revision" : "04ccff117f6549121d5721ec84fdf0162122b90e",
        "version" : "0.5.0"
      }
    },
    {
      "identity" : "zlib",
      "kind" : "remoteSourceControl",
      "location" : "https://github.com/DLTAStudio/zlib.git",
      "state" : {
        "revision" : "ad7db0fdde74b88b3ac9b20d412c3129e7eade34",
        "version" : "1.0.1"
      }
    }
  ],
  "version" : 3
}
