{
  "originHash" : "2f9b7fae2f6222ab1ff1c9dcc9cb6e1f567896fe6ca8b666c2019c680b25ce4f",
  "pins" : [
    {
      "identity" : "cryptoswift",
      "kind" : "remoteSourceControl",
      "location" : "https://github.com/krzyzanowskim/CryptoSwift.git",
      "state" : {
        "revision" : "678d442c6f7828def400a70ae15968aef67ef52d",
        "version" : "1.8.3"
      }
    },
    {
      "identity" : "jose-swift",
      "kind" : "remoteSourceControl",
      "location" : "https://github.com/beatt83/jose-swift.git",
      "state" : {
        "revision" : "c289a01f895501257e170d422a57a6edc593bbcd",
        "version" : "4.0.0"
      }
    },
    {
      "identity" : "secp256k1.swift",
      "kind" : "remoteSourceControl",
      "location" : "https://github.com/GigaBitcoin/secp256k1.swift.git",
      "state" : {
        "revision" : "4c77c7384768acf1093d66ccaacf298d322b10b7",
        "version" : "0.15.0"
      }
    }
  ],
  "version" : 3
}
